Microsoft Visual Studio Solution File, Format Version 12.00
# Visual Studio Version 17
VisualStudioVersion = 17.4.33213.308
MinimumVisualStudioVersion = 10.0.40219.1
Project("{9A19103F-16F7-4668-BE54-9A1E7A4F7556}") = "ChatTwo", "ChatTwo\ChatTwo.csproj", "{739F75E6-B65F-41EF-9D90-F7BC519E4875}"
EndProject
Global
	GlobalSection(SolutionConfigurationPlatforms) = preSolution
		Debug|x64 = Debug|x64
		Release|x64 = Release|x64
	EndGlobalSection
	GlobalSection(ProjectConfigurationPlatforms) = postSolution
		{739F75E6-B65F-41EF-9D90-F7BC519E4875}.Debug|x64.ActiveCfg = Debug|x64
		{739F75E6-B65F-41EF-9D90-F7BC519E4875}.Debug|x64.Build.0 = Debug|x64
		{739F75E6-B65F-41EF-9D90-F7BC519E4875}.Release|x64.ActiveCfg = Release|x64
		{739F75E6-B65F-41EF-9D90-F7BC519E4875}.Release|x64.Build.0 = Release|x64
	EndGlobalSection
	GlobalSection(SolutionProperties) = preSolution
		HideSolutionNode = FALSE
	EndGlobalSection
	GlobalSection(ExtensibilityGlobals) = postSolution
		SolutionGuid = {45FAD37E-E351-491E-A6BA-06E357B8CBF8}
	EndGlobalSection
EndGlobal
